
Microsoft Visual Studio Solution File, Format Version 12.00
# Visual Studio Version 16
VisualStudioVersion = 16.0.31410.357
MinimumVisualStudioVersion = 10.0.40219.1
Project("{FAE04EC0-301F-11D3-BF4B-00C04F79EFBC}") = "StonksManipulator.UWP", "StonksManipulator.UWP\StonksManipulator.UWP.csproj", "{CF4F9019-2911-47F3-AC23-C27234EEB84A}"
EndProject
Project("{FAE04EC0-301F-11D3-BF4B-00C04F79EFBC}") = "StonksManipulator.Android", "StonksManipulator.Android\StonksManipulator.Android.csproj", "{F68F6D09-7BC2-4F5F-BB6D-B44FF1CB9E28}"
EndProject
Project("{FAE04EC0-301F-11D3-BF4B-00C04F79EFBC}") = "StonksManipulator", "StonksManipulator\StonksManipulator.csproj", "{AD827BB5-E8D6-4DD1-B170-8B364482A29B}"
EndProject
Project("{2150E333-8FDC-42A3-9474-1A3956D46DE8}") = "Solution Items", "Solution Items", "{477CC630-6E13-4A6D-99CA-902A963AE64C}"
	ProjectSection(SolutionItems) = preProject
		Glossary.docx = Glossary.docx
	EndProjectSection
EndProject
Global
	GlobalSection(SolutionConfigurationPlatforms) = preSolution
		Debug|Any CPU = Debug|Any CPU
		Debug|ARM = Debug|ARM
		Debug|x64 = Debug|x64
		Debug|x86 = Debug|x86
		Release|Any CPU = Release|Any CPU
		Release|ARM = Release|ARM
		Release|x64 = Release|x64
		Release|x86 = Release|x86
	EndGlobalSection
	GlobalSection(ProjectConfigurationPlatforms) = postSolution
		{CF4F9019-2911-47F3-AC23-C27234EEB84A}.Debug|Any CPU.ActiveCfg = Debug|x86
		{CF4F9019-2911-47F3-AC23-C27234EEB84A}.Debug|Any CPU.Build.0 = Debug|x86
		{CF4F9019-2911-47F3-AC23-C27234EEB84A}.Debug|Any CPU.Deploy.0 = Debug|x86
		{CF4F9019-2911-47F3-AC23-C27234EEB84A}.Debug|ARM.ActiveCfg = Debug|ARM
		{CF4F9019-2911-47F3-AC23-C27234EEB84A}.Debug|ARM.Build.0 = Debug|ARM
		{CF4F9019-2911-47F3-AC23-C27234EEB84A}.Debug|ARM.Deploy.0 = Debug|ARM
		{CF4F9019-2911-47F3-AC23-C27234EEB84A}.Debug|x64.ActiveCfg = Debug|x64
		{CF4F9019-2911-47F3-AC23-C27234EEB84A}.Debug|x64.Build.0 = Debug|x64
		{CF4F9019-2911-47F3-AC23-C27234EEB84A}.Debug|x64.Deploy.0 = Debug|x64
		{CF4F9019-2911-47F3-AC23-C27234EEB84A}.Debug|x86.ActiveCfg = Debug|x86
		{CF4F9019-2911-47F3-AC23-C27234EEB84A}.Debug|x86.Build.0 = Debug|x86
		{CF4F9019-2911-47F3-AC23-C27234EEB84A}.Debug|x86.Deploy.0 = Debug|x86
		{CF4F9019-2911-47F3-AC23-C27234EEB84A}.Release|Any CPU.ActiveCfg = Release|x86
		{CF4F9019-2911-47F3-AC23-C27234EEB84A}.Release|Any CPU.Build.0 = Release|x86
		{CF4F9019-2911-47F3-AC23-C27234EEB84A}.Release|Any CPU.Deploy.0 = Release|x86
		{CF4F9019-2911-47F3-AC23-C27234EEB84A}.Release|ARM.ActiveCfg = Release|ARM
		{CF4F9019-2911-47F3-AC23-C27234EEB84A}.Release|ARM.Build.0 = Release|ARM
		{CF4F9019-2911-47F3-AC23-C27234EEB84A}.Release|ARM.Deploy.0 = Release|ARM
		{CF4F9019-2911-47F3-AC23-C27234EEB84A}.Release|x64.ActiveCfg = Release|x64
		{CF4F9019-2911-47F3-AC23-C27234EEB84A}.Release|x64.Build.0 = Release|x64
		{CF4F9019-2911-47F3-AC23-C27234EEB84A}.Release|x64.Deploy.0 = Release|x64
		{CF4F9019-2911-47F3-AC23-C27234EEB84A}.Release|x86.ActiveCfg = Release|x86
		{CF4F9019-2911-47F3-AC23-C27234EEB84A}.Release|x86.Build.0 = Release|x86
		{CF4F9019-2911-47F3-AC23-C27234EEB84A}.Release|x86.Deploy.0 = Release|x86
		{F68F6D09-7BC2-4F5F-BB6D-B44FF1CB9E28}.Debug|Any CPU.ActiveCfg = Debug|Any CPU
		{F68F6D09-7BC2-4F5F-BB6D-B44FF1CB9E28}.Debug|Any CPU.Build.0 = Debug|Any CPU
		{F68F6D09-7BC2-4F5F-BB6D-B44FF1CB9E28}.Debug|Any CPU.Deploy.0 = Debug|Any CPU
		{F68F6D09-7BC2-4F5F-BB6D-B44FF1CB9E28}.Debug|ARM.ActiveCfg = Debug|Any CPU
		{F68F6D09-7BC2-4F5F-BB6D-B44FF1CB9E28}.Debug|ARM.Build.0 = Debug|Any CPU
		{F68F6D09-7BC2-4F5F-BB6D-B44FF1CB9E28}.Debug|ARM.Deploy.0 = Debug|Any CPU
		{F68F6D09-7BC2-4F5F-BB6D-B44FF1CB9E28}.Debug|x64.ActiveCfg = Debug|Any CPU
		{F68F6D09-7BC2-4F5F-BB6D-B44FF1CB9E28}.Debug|x64.Build.0 = Debug|Any CPU
		{F68F6D09-7BC2-4F5F-BB6D-B44FF1CB9E28}.Debug|x64.Deploy.0 = Debug|Any CPU
		{F68F6D09-7BC2-4F5F-BB6D-B44FF1CB9E28}.Debug|x86.ActiveCfg = Debug|Any CPU
		{F68F6D09-7BC2-4F5F-BB6D-B44FF1CB9E28}.Debug|x86.Build.0 = Debug|Any CPU
		{F68F6D09-7BC2-4F5F-BB6D-B44FF1CB9E28}.Debug|x86.Deploy.0 = Debug|Any CPU
		{F68F6D09-7BC2-4F5F-BB6D-B44FF1CB9E28}.Release|Any CPU.ActiveCfg = Release|Any CPU
		{F68F6D09-7BC2-4F5F-BB6D-B44FF1CB9E28}.Release|Any CPU.Build.0 = Release|Any CPU
		{F68F6D09-7BC2-4F5F-BB6D-B44FF1CB9E28}.Release|Any CPU.Deploy.0 = Release|Any CPU
		{F68F6D09-7BC2-4F5F-BB6D-B44FF1CB9E28}.Release|ARM.ActiveCfg = Release|Any CPU
		{F68F6D09-7BC2-4F5F-BB6D-B44FF1CB9E28}.Release|ARM.Build.0 = Release|Any CPU
		{F68F6D09-7BC2-4F5F-BB6D-B44FF1CB9E28}.Release|ARM.Deploy.0 = Release|Any CPU
		{F68F6D09-7BC2-4F5F-BB6D-B44FF1CB9E28}.Release|x64.ActiveCfg = Release|Any CPU
		{F68F6D09-7BC2-4F5F-BB6D-B44FF1CB9E28}.Release|x64.Build.0 = Release|Any CPU
		{F68F6D09-7BC2-4F5F-BB6D-B44FF1CB9E28}.Release|x64.Deploy.0 = Release|Any CPU
		{F68F6D09-7BC2-4F5F-BB6D-B44FF1CB9E28}.Release|x86.ActiveCfg = Release|Any CPU
		{F68F6D09-7BC2-4F5F-BB6D-B44FF1CB9E28}.Release|x86.Build.0 = Release|Any CPU
		{F68F6D09-7BC2-4F5F-BB6D-B44FF1CB9E28}.Release|x86.Deploy.0 = Release|Any CPU
		{AD827BB5-E8D6-4DD1-B170-8B364482A29B}.Debug|Any CPU.ActiveCfg = Debug|Any CPU
		{AD827BB5-E8D6-4DD1-B170-8B364482A29B}.Debug|Any CPU.Build.0 = Debug|Any CPU
		{AD827BB5-E8D6-4DD1-B170-8B364482A29B}.Debug|Any CPU.Deploy.0 = Debug|Any CPU
		{AD827BB5-E8D6-4DD1-B170-8B364482A29B}.Debug|ARM.ActiveCfg = Debug|Any CPU
		{AD827BB5-E8D6-4DD1-B170-8B364482A29B}.Debug|ARM.Build.0 = Debug|Any CPU
		{AD827BB5-E8D6-4DD1-B170-8B364482A29B}.Debug|ARM.Deploy.0 = Debug|Any CPU
		{AD827BB5-E8D6-4DD1-B170-8B364482A29B}.Debug|x64.ActiveCfg = Debug|Any CPU
		{AD827BB5-E8D6-4DD1-B170-8B364482A29B}.Debug|x64.Build.0 = Debug|Any CPU
		{AD827BB5-E8D6-4DD1-B170-8B364482A29B}.Debug|x64.Deploy.0 = Debug|Any CPU
		{AD827BB5-E8D6-4DD1-B170-8B364482A29B}.Debug|x86.ActiveCfg = Debug|Any CPU
		{AD827BB5-E8D6-4DD1-B170-8B364482A29B}.Debug|x86.Build.0 = Debug|Any CPU
		{AD827BB5-E8D6-4DD1-B170-8B364482A29B}.Debug|x86.Deploy.0 = Debug|Any CPU
		{AD827BB5-E8D6-4DD1-B170-8B364482A29B}.Release|Any CPU.ActiveCfg = Release|Any CPU
		{AD827BB5-E8D6-4DD1-B170-8B364482A29B}.Release|Any CPU.Build.0 = Release|Any CPU
		{AD827BB5-E8D6-4DD1-B170-8B364482A29B}.Release|Any CPU.Deploy.0 = Release|Any CPU
		{AD827BB5-E8D6-4DD1-B170-8B364482A29B}.Release|ARM.ActiveCfg = Release|Any CPU
		{AD827BB5-E8D6-4DD1-B170-8B364482A29B}.Release|ARM.Build.0 = Release|Any CPU
		{AD827BB5-E8D6-4DD1-B170-8B364482A29B}.Release|ARM.Deploy.0 = Release|Any CPU
		{AD827BB5-E8D6-4DD1-B170-8B364482A29B}.Release|x64.ActiveCfg = Release|Any CPU
		{AD827BB5-E8D6-4DD1-B170-8B364482A29B}.Release|x64.Build.0 = Release|Any CPU
		{AD827BB5-E8D6-4DD1-B170-8B364482A29B}.Release|x64.Deploy.0 = Release|Any CPU
		{AD827BB5-E8D6-4DD1-B170-8B364482A29B}.Release|x86.ActiveCfg = Release|Any CPU
		{AD827BB5-E8D6-4DD1-B170-8B364482A29B}.Release|x86.Build.0 = Release|Any CPU
		{AD827BB5-E8D6-4DD1-B170-8B364482A29B}.Release|x86.Deploy.0 = Release|Any CPU
	EndGlobalSection
	GlobalSection(SolutionProperties) = preSolution
		HideSolutionNode = FALSE
	EndGlobalSection
	GlobalSection(ExtensibilityGlobals) = postSolution
		SolutionGuid = {0CE9A446-6DD6-4B18-B6C7-0491EDA058DE}
	EndGlobalSection
EndGlobal
